// !$*UTF8*$!
{
	archiveVersion = 1;
	classes = {
	};
	objectVersion = 56;
	objects = {

/* Begin PBXBuildFile section */
		8314E3D42B4E964B00489687 /* AppDelegate.swift in Sources */ = {isa = PBXBuildFile; fileRef = 8314E3D32B4E964B00489687 /* AppDelegate.swift */; };
		8314E3D62B4E964B00489687 /* SceneDelegate.swift in Sources */ = {isa = PBXBuildFile; fileRef = 8314E3D52B4E964B00489687 /* SceneDelegate.swift */; };
		8314E3D82B4E964B00489687 /* ItemsViewController.swift in Sources */ = {isa = PBXBuildFile; fileRef = 8314E3D72B4E964B00489687 /* ItemsViewController.swift */; };
		8314E3DD2B4E964C00489687 /* Assets.xcassets in Resources */ = {isa = PBXBuildFile; fileRef = 8314E3DC2B4E964C00489687 /* Assets.xcassets */; };
		8314E3E02B4E964C00489687 /* LaunchScreen.storyboard in Resources */ = {isa = PBXBuildFile; fileRef = 8314E3DE2B4E964C00489687 /* LaunchScreen.storyboard */; };
		8314E3EC2B4E99B400489687 /* Item.swift in Sources */ = {isa = PBXBuildFile; fileRef = 8314E3EB2B4E99B400489687 /* Item.swift */; };
		8314E3EE2B4EAA7100489687 /* ItemTableViewCell.swift in Sources */ = {isa = PBXBuildFile; fileRef = 8314E3ED2B4EAA7100489687 /* ItemTableViewCell.swift */; };
		8314E3F32B4EC52E00489687 /* ItemsViewModel.swift in Sources */ = {isa = PBXBuildFile; fileRef = 8314E3F22B4EC52E00489687 /* ItemsViewModel.swift */; };
		8314E3F72B4EC87D00489687 /* UIViewControllerExtension.swift in Sources */ = {isa = PBXBuildFile; fileRef = 8314E3F62B4EC87D00489687 /* UIViewControllerExtension.swift */; };
		8314E3FC2B4EE7A500489687 /* ItemImageView.swift in Sources */ = {isa = PBXBuildFile; fileRef = 8314E3FB2B4EE7A500489687 /* ItemImageView.swift */; };
		8314E3FF2B4FEDB400489687 /* ItemDetailsViewController.swift in Sources */ = {isa = PBXBuildFile; fileRef = 8314E3FE2B4FEDB400489687 /* ItemDetailsViewController.swift */; };
		8314E4032B4FF15800489687 /* ItemCategory.swift in Sources */ = {isa = PBXBuildFile; fileRef = 8314E4022B4FF15800489687 /* ItemCategory.swift */; };
		8314E4052B4FF5DD00489687 /* FetchService.swift in Sources */ = {isa = PBXBuildFile; fileRef = 8314E4042B4FF5DD00489687 /* FetchService.swift */; };
		8314E4072B4FF6C100489687 /* APIUrl.swift in Sources */ = {isa = PBXBuildFile; fileRef = 8314E4062B4FF6C100489687 /* APIUrl.swift */; };
		8314E4092B504B1300489687 /* DoubleExtension.swift in Sources */ = {isa = PBXBuildFile; fileRef = 8314E4082B504B1300489687 /* DoubleExtension.swift */; };
		8314E40B2B504D8D00489687 /* ItemManagement.swift in Sources */ = {isa = PBXBuildFile; fileRef = 8314E40A2B504D8D00489687 /* ItemManagement.swift */; };
		8314E40F2B50931600489687 /* PaddingLabel.swift in Sources */ = {isa = PBXBuildFile; fileRef = 8314E40E2B50931600489687 /* PaddingLabel.swift */; };
		8314E4172B50974A00489687 /* ItemsViewModelTests.swift in Sources */ = {isa = PBXBuildFile; fileRef = 8314E4162B50974A00489687 /* ItemsViewModelTests.swift */; };
		8314E41E2B512FC900489687 /* URLProtocolMock.swift in Sources */ = {isa = PBXBuildFile; fileRef = 8314E41D2B512FC900489687 /* URLProtocolMock.swift */; };
		8314E4202B5133E200489687 /* Item.json in Resources */ = {isa = PBXBuildFile; fileRef = 8314E41F2B5133E200489687 /* Item.json */; };
		8314E4222B5133EF00489687 /* Categories.json in Resources */ = {isa = PBXBuildFile; fileRef = 8314E4212B5133EF00489687 /* Categories.json */; };
		8314E4242B513C4C00489687 /* FakeDataResponseError.swift in Sources */ = {isa = PBXBuildFile; fileRef = 8314E4232B513C4C00489687 /* FakeDataResponseError.swift */; };
		8314E4262B52D77A00489687 /* ItemManagementTests.swift in Sources */ = {isa = PBXBuildFile; fileRef = 8314E4252B52D77A00489687 /* ItemManagementTests.swift */; };
		8314E4282B52D7B800489687 /* TestHelpers.swift in Sources */ = {isa = PBXBuildFile; fileRef = 8314E4272B52D7B800489687 /* TestHelpers.swift */; };
		8314E42A2B552E4300489687 /* DividerView.swift in Sources */ = {isa = PBXBuildFile; fileRef = 8314E4292B552E4300489687 /* DividerView.swift */; };
/* End PBXBuildFile section */

/* Begin PBXContainerItemProxy section */
		8314E4182B50974A00489687 /* PBXContainerItemProxy */ = {
			isa = PBXContainerItemProxy;
			containerPortal = 8314E3C82B4E964B00489687 /* Project object */;
			proxyType = 1;
			remoteGlobalIDString = 8314E3CF2B4E964B00489687;
			remoteInfo = LeBonCoinTest;
		};
/* End PBXContainerItemProxy section */

/* Begin PBXFileReference section */
		8314E3D02B4E964B00489687 /* LeBonCoinTest.app */ = {isa = PBXFileReference; explicitFileType = wrapper.application; includeInIndex = 0; path = LeBonCoinTest.app; sourceTree = BUILT_PRODUCTS_DIR; };
		8314E3D32B4E964B00489687 /* AppDelegate.swift */ = {isa = PBXFileReference; lastKnownFileType = sourcecode.swift; path = AppDelegate.swift; sourceTree = "<group>"; };
		8314E3D52B4E964B00489687 /* SceneDelegate.swift */ = {isa = PBXFileReference; lastKnownFileType = sourcecode.swift; path = SceneDelegate.swift; sourceTree = "<group>"; };
		8314E3D72B4E964B00489687 /* ItemsViewController.swift */ = {isa = PBXFileReference; lastKnownFileType = sourcecode.swift; path = ItemsViewController.swift; sourceTree = "<group>"; };
		8314E3DC2B4E964C00489687 /* Assets.xcassets */ = {isa = PBXFileReference; lastKnownFileType = folder.assetcatalog; path = Assets.xcassets; sourceTree = "<group>"; };
		8314E3DF2B4E964C00489687 /* Base */ = {isa = PBXFileReference; lastKnownFileType = file.storyboard; name = Base; path = Base.lproj/LaunchScreen.storyboard; sourceTree = "<group>"; };
		8314E3E12B4E964C00489687 /* Info.plist */ = {isa = PBXFileReference; lastKnownFileType = text.plist.xml; path = Info.plist; sourceTree = "<group>"; };
		8314E3EB2B4E99B400489687 /* Item.swift */ = {isa = PBXFileReference; lastKnownFileType = sourcecode.swift; path = Item.swift; sourceTree = "<group>"; };
		8314E3ED2B4EAA7100489687 /* ItemTableViewCell.swift */ = {isa = PBXFileReference; lastKnownFileType = sourcecode.swift; path = ItemTableViewCell.swift; sourceTree = "<group>"; };
		8314E3F22B4EC52E00489687 /* ItemsViewModel.swift */ = {isa = PBXFileReference; lastKnownFileType = sourcecode.swift; path = ItemsViewModel.swift; sourceTree = "<group>"; };
		8314E3F62B4EC87D00489687 /* UIViewControllerExtension.swift */ = {isa = PBXFileReference; lastKnownFileType = sourcecode.swift; path = UIViewControllerExtension.swift; sourceTree = "<group>"; };
		8314E3FB2B4EE7A500489687 /* ItemImageView.swift */ = {isa = PBXFileReference; lastKnownFileType = sourcecode.swift; path = ItemImageView.swift; sourceTree = "<group>"; };
		8314E3FE2B4FEDB400489687 /* ItemDetailsViewController.swift */ = {isa = PBXFileReference; lastKnownFileType = sourcecode.swift; path = ItemDetailsViewController.swift; sourceTree = "<group>"; };
		8314E4022B4FF15800489687 /* ItemCategory.swift */ = {isa = PBXFileReference; lastKnownFileType = sourcecode.swift; path = ItemCategory.swift; sourceTree = "<group>"; };
		8314E4042B4FF5DD00489687 /* FetchService.swift */ = {isa = PBXFileReference; lastKnownFileType = sourcecode.swift; path = FetchService.swift; sourceTree = "<group>"; };
		8314E4062B4FF6C100489687 /* APIUrl.swift */ = {isa = PBXFileReference; lastKnownFileType = sourcecode.swift; path = APIUrl.swift; sourceTree = "<group>"; };
		8314E4082B504B1300489687 /* DoubleExtension.swift */ = {isa = PBXFileReference; lastKnownFileType = sourcecode.swift; path = DoubleExtension.swift; sourceTree = "<group>"; };
		8314E40A2B504D8D00489687 /* ItemManagement.swift */ = {isa = PBXFileReference; lastKnownFileType = sourcecode.swift; path = ItemManagement.swift; sourceTree = "<group>"; };
		8314E40E2B50931600489687 /* PaddingLabel.swift */ = {isa = PBXFileReference; lastKnownFileType = sourcecode.swift; path = PaddingLabel.swift; sourceTree = "<group>"; };
		8314E4142B50974A00489687 /* LeBonCoinTestTests.xctest */ = {isa = PBXFileReference; explicitFileType = wrapper.cfbundle; includeInIndex = 0; path = LeBonCoinTestTests.xctest; sourceTree = BUILT_PRODUCTS_DIR; };
		8314E4162B50974A00489687 /* ItemsViewModelTests.swift */ = {isa = PBXFileReference; lastKnownFileType = sourcecode.swift; path = ItemsViewModelTests.swift; sourceTree = "<group>"; };
		8314E41D2B512FC900489687 /* URLProtocolMock.swift */ = {isa = PBXFileReference; lastKnownFileType = sourcecode.swift; path = URLProtocolMock.swift; sourceTree = "<group>"; };
		8314E41F2B5133E200489687 /* Item.json */ = {isa = PBXFileReference; lastKnownFileType = text.json; path = Item.json; sourceTree = "<group>"; };
		8314E4212B5133EF00489687 /* Categories.json */ = {isa = PBXFileReference; lastKnownFileType = text.json; path = Categories.json; sourceTree = "<group>"; };
		8314E4232B513C4C00489687 /* FakeDataResponseError.swift */ = {isa = PBXFileReference; lastKnownFileType = sourcecode.swift; path = FakeDataResponseError.swift; sourceTree = "<group>"; };
		8314E4252B52D77A00489687 /* ItemManagementTests.swift */ = {isa = PBXFileReference; lastKnownFileType = sourcecode.swift; path = ItemManagementTests.swift; sourceTree = "<group>"; };
		8314E4272B52D7B800489687 /* TestHelpers.swift */ = {isa = PBXFileReference; lastKnownFileType = sourcecode.swift; path = TestHelpers.swift; sourceTree = "<group>"; };
		8314E4292B552E4300489687 /* DividerView.swift */ = {isa = PBXFileReference; lastKnownFileType = sourcecode.swift; path = DividerView.swift; sourceTree = "<group>"; };
/* End PBXFileReference section */

/* Begin PBXFrameworksBuildPhase section */
		8314E3CD2B4E964B00489687 /* Frameworks */ = {
			isa = PBXFrameworksBuildPhase;
			buildActionMask = 2147483647;
			files = (
			);
			runOnlyForDeploymentPostprocessing = 0;
		};
		8314E4112B50974A00489687 /* Frameworks */ = {
			isa = PBXFrameworksBuildPhase;
			buildActionMask = 2147483647;
			files = (
			);
			runOnlyForDeploymentPostprocessing = 0;
		};
/* End PBXFrameworksBuildPhase section */

/* Begin PBXGroup section */
		8314E3C72B4E964B00489687 = {
			isa = PBXGroup;
			children = (
				8314E3D22B4E964B00489687 /* LeBonCoinTest */,
				8314E4152B50974A00489687 /* LeBonCoinTestTests */,
				8314E3D12B4E964B00489687 /* Products */,
			);
			sourceTree = "<group>";
		};
		8314E3D12B4E964B00489687 /* Products */ = {
			isa = PBXGroup;
			children = (
				8314E3D02B4E964B00489687 /* LeBonCoinTest.app */,
				8314E4142B50974A00489687 /* LeBonCoinTestTests.xctest */,
			);
			name = Products;
			sourceTree = "<group>";
		};
		8314E3D22B4E964B00489687 /* LeBonCoinTest */ = {
			isa = PBXGroup;
			children = (
				8314E3E72B4E980A00489687 /* Model */,
				8314E3E82B4E981200489687 /* Feature */,
				8314E3EF2B4EB43000489687 /* Service */,
				8314E3F52B4EC87100489687 /* Utilities */,
				8314E3E92B4E981E00489687 /* Resources */,
			);
			path = LeBonCoinTest;
			sourceTree = "<group>";
		};
		8314E3E72B4E980A00489687 /* Model */ = {
			isa = PBXGroup;
			children = (
				8314E3EB2B4E99B400489687 /* Item.swift */,
				8314E4022B4FF15800489687 /* ItemCategory.swift */,
			);
			path = Model;
			sourceTree = "<group>";
		};
		8314E3E82B4E981200489687 /* Feature */ = {
			isa = PBXGroup;
			children = (
				8314E3F42B4EC5F600489687 /* ItemsList */,
				8314E3FD2B4FED9800489687 /* ItemDetails */,
				8314E3FA2B4EE78100489687 /* CustomViews */,
				8314E40A2B504D8D00489687 /* ItemManagement.swift */,
			);
			path = Feature;
			sourceTree = "<group>";
		};
		8314E3E92B4E981E00489687 /* Resources */ = {
			isa = PBXGroup;
			children = (
				8314E3DE2B4E964C00489687 /* LaunchScreen.storyboard */,
				8314E3D32B4E964B00489687 /* AppDelegate.swift */,
				8314E3D52B4E964B00489687 /* SceneDelegate.swift */,
				8314E3DC2B4E964C00489687 /* Assets.xcassets */,
				8314E3E12B4E964C00489687 /* Info.plist */,
			);
			path = Resources;
			sourceTree = "<group>";
		};
		8314E3EF2B4EB43000489687 /* Service */ = {
			isa = PBXGroup;
			children = (
				8314E4042B4FF5DD00489687 /* FetchService.swift */,
				8314E4062B4FF6C100489687 /* APIUrl.swift */,
			);
			path = Service;
			sourceTree = "<group>";
		};
		8314E3F42B4EC5F600489687 /* ItemsList */ = {
			isa = PBXGroup;
			children = (
				8314E3D72B4E964B00489687 /* ItemsViewController.swift */,
				8314E3F22B4EC52E00489687 /* ItemsViewModel.swift */,
				8314E3ED2B4EAA7100489687 /* ItemTableViewCell.swift */,
			);
			path = ItemsList;
			sourceTree = "<group>";
		};
		8314E3F52B4EC87100489687 /* Utilities */ = {
			isa = PBXGroup;
			children = (
				8314E3F62B4EC87D00489687 /* UIViewControllerExtension.swift */,
				8314E4082B504B1300489687 /* DoubleExtension.swift */,
			);
			path = Utilities;
			sourceTree = "<group>";
		};
		8314E3FA2B4EE78100489687 /* CustomViews */ = {
			isa = PBXGroup;
			children = (
				8314E3FB2B4EE7A500489687 /* ItemImageView.swift */,
				8314E40E2B50931600489687 /* PaddingLabel.swift */,
				8314E4292B552E4300489687 /* DividerView.swift */,
			);
			path = CustomViews;
			sourceTree = "<group>";
		};
		8314E3FD2B4FED9800489687 /* ItemDetails */ = {
			isa = PBXGroup;
			children = (
				8314E3FE2B4FEDB400489687 /* ItemDetailsViewController.swift */,
			);
			path = ItemDetails;
			sourceTree = "<group>";
		};
		8314E4152B50974A00489687 /* LeBonCoinTestTests */ = {
			isa = PBXGroup;
			children = (
				8314E4162B50974A00489687 /* ItemsViewModelTests.swift */,
				8314E4252B52D77A00489687 /* ItemManagementTests.swift */,
				8314E41D2B512FC900489687 /* URLProtocolMock.swift */,
				8314E4232B513C4C00489687 /* FakeDataResponseError.swift */,
				8314E41F2B5133E200489687 /* Item.json */,
				8314E4212B5133EF00489687 /* Categories.json */,
				8314E4272B52D7B800489687 /* TestHelpers.swift */,
			);
			path = LeBonCoinTestTests;
			sourceTree = "<group>";
		};
/* End PBXGroup section */

/* Begin PBXNativeTarget section */
		8314E3CF2B4E964B00489687 /* LeBonCoinTest */ = {
			isa = PBXNativeTarget;
			buildConfigurationList = 8314E3E42B4E964C00489687 /* Build configuration list for PBXNativeTarget "LeBonCoinTest" */;
			buildPhases = (
				8314E3CC2B4E964B00489687 /* Sources */,
				8314E3CD2B4E964B00489687 /* Frameworks */,
				8314E3CE2B4E964B00489687 /* Resources */,
			);
			buildRules = (
			);
			dependencies = (
			);
			name = LeBonCoinTest;
			productName = LeBonCoinTest;
			productReference = 8314E3D02B4E964B00489687 /* LeBonCoinTest.app */;
			productType = "com.apple.product-type.application";
		};
		8314E4132B50974A00489687 /* LeBonCoinTestTests */ = {
			isa = PBXNativeTarget;
			buildConfigurationList = 8314E41A2B50974A00489687 /* Build configuration list for PBXNativeTarget "LeBonCoinTestTests" */;
			buildPhases = (
				8314E4102B50974A00489687 /* Sources */,
				8314E4112B50974A00489687 /* Frameworks */,
				8314E4122B50974A00489687 /* Resources */,
			);
			buildRules = (
			);
			dependencies = (
				8314E4192B50974A00489687 /* PBXTargetDependency */,
			);
			name = LeBonCoinTestTests;
			productName = LeBonCoinTestTests;
			productReference = 8314E4142B50974A00489687 /* LeBonCoinTestTests.xctest */;
			productType = "com.apple.product-type.bundle.unit-test";
		};
/* End PBXNativeTarget section */

/* Begin PBXProject section */
		8314E3C82B4E964B00489687 /* Project object */ = {
			isa = PBXProject;
			attributes = {
				BuildIndependentTargetsInParallel = 1;
				LastSwiftUpdateCheck = 1500;
				LastUpgradeCheck = 1500;
				TargetAttributes = {
					8314E3CF2B4E964B00489687 = {
						CreatedOnToolsVersion = 15.0.1;
					};
					8314E4132B50974A00489687 = {
						CreatedOnToolsVersion = 15.0.1;
						TestTargetID = 8314E3CF2B4E964B00489687;
					};
				};
			};
			buildConfigurationList = 8314E3CB2B4E964B00489687 /* Build configuration list for PBXProject "LeBonCoinTest" */;
			compatibilityVersion = "Xcode 14.0";
			developmentRegion = en;
			hasScannedForEncodings = 0;
			knownRegions = (
				en,
				Base,
			);
			mainGroup = 8314E3C72B4E964B00489687;
			productRefGroup = 8314E3D12B4E964B00489687 /* Products */;
			projectDirPath = "";
			projectRoot = "";
			targets = (
				8314E3CF2B4E964B00489687 /* LeBonCoinTest */,
				8314E4132B50974A00489687 /* LeBonCoinTestTests */,
			);
		};
/* End PBXProject section */

/* Begin PBXResourcesBuildPhase section */
		8314E3CE2B4E964B00489687 /* Resources */ = {
			isa = PBXResourcesBuildPhase;
			buildActionMask = 2147483647;
			files = (
				8314E3E02B4E964C00489687 /* LaunchScreen.storyboard in Resources */,
				8314E3DD2B4E964C00489687 /* Assets.xcassets in Resources */,
			);
			runOnlyForDeploymentPostprocessing = 0;
		};
		8314E4122B50974A00489687 /* Resources */ = {
			isa = PBXResourcesBuildPhase;
			buildActionMask = 2147483647;
			files = (
				8314E4202B5133E200489687 /* Item.json in Resources */,
				8314E4222B5133EF00489687 /* Categories.json in Resources */,
			);
			runOnlyForDeploymentPostprocessing = 0;
		};
/* End PBXResourcesBuildPhase section */

/* Begin PBXSourcesBuildPhase section */
		8314E3CC2B4E964B00489687 /* Sources */ = {
			isa = PBXSourcesBuildPhase;
			buildActionMask = 2147483647;
			files = (
				8314E3EC2B4E99B400489687 /* Item.swift in Sources */,
				8314E3D82B4E964B00489687 /* ItemsViewController.swift in Sources */,
				8314E3EE2B4EAA7100489687 /* ItemTableViewCell.swift in Sources */,
				8314E3D42B4E964B00489687 /* AppDelegate.swift in Sources */,
				8314E40F2B50931600489687 /* PaddingLabel.swift in Sources */,
				8314E4072B4FF6C100489687 /* APIUrl.swift in Sources */,
				8314E3F72B4EC87D00489687 /* UIViewControllerExtension.swift in Sources */,
				8314E3FF2B4FEDB400489687 /* ItemDetailsViewController.swift in Sources */,
				8314E3F32B4EC52E00489687 /* ItemsViewModel.swift in Sources */,
				8314E4092B504B1300489687 /* DoubleExtension.swift in Sources */,
				8314E4032B4FF15800489687 /* ItemCategory.swift in Sources */,
				8314E3D62B4E964B00489687 /* SceneDelegate.swift in Sources */,
				8314E4052B4FF5DD00489687 /* FetchService.swift in Sources */,
				8314E3FC2B4EE7A500489687 /* ItemImageView.swift in Sources */,
				8314E42A2B552E4300489687 /* DividerView.swift in Sources */,
				8314E40B2B504D8D00489687 /* ItemManagement.swift in Sources */,
			);
			runOnlyForDeploymentPostprocessing = 0;
		};
		8314E4102B50974A00489687 /* Sources */ = {
			isa = PBXSourcesBuildPhase;
			buildActionMask = 2147483647;
			files = (
				8314E4172B50974A00489687 /* ItemsViewModelTests.swift in Sources */,
				8314E4282B52D7B800489687 /* TestHelpers.swift in Sources */,
				8314E41E2B512FC900489687 /* URLProtocolMock.swift in Sources */,
				8314E4242B513C4C00489687 /* FakeDataResponseError.swift in Sources */,
				8314E4262B52D77A00489687 /* ItemManagementTests.swift in Sources */,
			);
			runOnlyForDeploymentPostprocessing = 0;
		};
/* End PBXSourcesBuildPhase section */

/* Begin PBXTargetDependency section */
		8314E4192B50974A00489687 /* PBXTargetDependency */ = {
			isa = PBXTargetDependency;
			target = 8314E3CF2B4E964B00489687 /* LeBonCoinTest */;
			targetProxy = 8314E4182B50974A00489687 /* PBXContainerItemProxy */;
		};
/* End PBXTargetDependency section */

/* Begin PBXVariantGroup section */
		8314E3DE2B4E964C00489687 /* LaunchScreen.storyboard */ = {
			isa = PBXVariantGroup;
			children = (
				8314E3DF2B4E964C00489687 /* Base */,
			);
			name = LaunchScreen.storyboard;
			sourceTree = "<group>";
		};
/* End PBXVariantGroup section */

/* Begin XCBuildConfiguration section */
		8314E3E22B4E964C00489687 /* Debug */ = {
			isa = XCBuildConfiguration;
			buildSettings = {
				ALWAYS_SEARCH_USER_PATHS = NO;
				ASSETCATALOG_COMPILER_GENERATE_SWIFT_ASSET_SYMBOL_EXTENSIONS = YES;
				CLANG_ANALYZER_NONNULL = YES;
				CLANG_ANALYZER_NUMBER_OBJECT_CONVERSION = YES_AGGRESSIVE;
				CLANG_CXX_LANGUAGE_STANDARD = "gnu++20";
				CLANG_ENABLE_MODULES = YES;
				CLANG_ENABLE_OBJC_ARC = YES;
				CLANG_ENABLE_OBJC_WEAK = YES;
				CLANG_WARN_BLOCK_CAPTURE_AUTORELEASING = YES;
				CLANG_WARN_BOOL_CONVERSION = YES;
				CLANG_WARN_COMMA = YES;
				CLANG_WARN_CONSTANT_CONVERSION = YES;
				CLANG_WARN_DEPRECATED_OBJC_IMPLEMENTATIONS = YES;
				CLANG_WARN_DIRECT_OBJC_ISA_USAGE = YES_ERROR;
				CLANG_WARN_DOCUMENTATION_COMMENTS = YES;
				CLANG_WARN_EMPTY_BODY = YES;
				CLANG_WARN_ENUM_CONVERSION = YES;
				CLANG_WARN_INFINITE_RECURSION = YES;
				CLANG_WARN_INT_CONVERSION = YES;
				CLANG_WARN_NON_LITERAL_NULL_CONVERSION = YES;
				CLANG_WARN_OBJC_IMPLICIT_RETAIN_SELF = YES;
				CLANG_WARN_OBJC_LITERAL_CONVERSION = YES;
				CLANG_WARN_OBJC_ROOT_CLASS = YES_ERROR;
				CLANG_WARN_QUOTED_INCLUDE_IN_FRAMEWORK_HEADER = YES;
				CLANG_WARN_RANGE_LOOP_ANALYSIS = YES;
				CLANG_WARN_STRICT_PROTOTYPES = YES;
				CLANG_WARN_SUSPICIOUS_MOVE = YES;
				CLANG_WARN_UNGUARDED_AVAILABILITY = YES_AGGRESSIVE;
				CLANG_WARN_UNREACHABLE_CODE = YES;
				CLANG_WARN__DUPLICATE_METHOD_MATCH = YES;
				COPY_PHASE_STRIP = NO;
				DEBUG_INFORMATION_FORMAT = dwarf;
				ENABLE_STRICT_OBJC_MSGSEND = YES;
				ENABLE_TESTABILITY = YES;
				ENABLE_USER_SCRIPT_SANDBOXING = YES;
				GCC_C_LANGUAGE_STANDARD = gnu17;
				GCC_DYNAMIC_NO_PIC = NO;
				GCC_NO_COMMON_BLOCKS = YES;
				GCC_OPTIMIZATION_LEVEL = 0;
				GCC_PREPROCESSOR_DEFINITIONS = (
					"DEBUG=1",
					"$(inherited)",
				);
				GCC_WARN_64_TO_32_BIT_CONVERSION = YES;
				GCC_WARN_ABOUT_RETURN_TYPE = YES_ERROR;
				GCC_WARN_UNDECLARED_SELECTOR = YES;
				GCC_WARN_UNINITIALIZED_AUTOS = YES_AGGRESSIVE;
				GCC_WARN_UNUSED_FUNCTION = YES;
				GCC_WARN_UNUSED_VARIABLE = YES;
				IPHONEOS_DEPLOYMENT_TARGET = 14.0;
				LOCALIZATION_PREFERS_STRING_CATALOGS = YES;
				MTL_ENABLE_DEBUG_INFO = INCLUDE_SOURCE;
				MTL_FAST_MATH = YES;
				ONLY_ACTIVE_ARCH = YES;
				SDKROOT = iphoneos;
				SWIFT_ACTIVE_COMPILATION_CONDITIONS = "DEBUG $(inherited)";
				SWIFT_OPTIMIZATION_LEVEL = "-Onone";
			};
			name = Debug;
		};
		8314E3E32B4E964C00489687 /* Release */ = {
			isa = XCBuildConfiguration;
			buildSettings = {
				ALWAYS_SEARCH_USER_PATHS = NO;
				ASSETCATALOG_COMPILER_GENERATE_SWIFT_ASSET_SYMBOL_EXTENSIONS = YES;
				CLANG_ANALYZER_NONNULL = YES;
				CLANG_ANALYZER_NUMBER_OBJECT_CONVERSION = YES_AGGRESSIVE;
				CLANG_CXX_LANGUAGE_STANDARD = "gnu++20";
				CLANG_ENABLE_MODULES = YES;
				CLANG_ENABLE_OBJC_ARC = YES;
				CLANG_ENABLE_OBJC_WEAK = YES;
				CLANG_WARN_BLOCK_CAPTURE_AUTORELEASING = YES;
				CLANG_WARN_BOOL_CONVERSION = YES;
				CLANG_WARN_COMMA = YES;
				CLANG_WARN_CONSTANT_CONVERSION = YES;
				CLANG_WARN_DEPRECATED_OBJC_IMPLEMENTATIONS = YES;
				CLANG_WARN_DIRECT_OBJC_ISA_USAGE = YES_ERROR;
				CLANG_WARN_DOCUMENTATION_COMMENTS = YES;
				CLANG_WARN_EMPTY_BODY = YES;
				CLANG_WARN_ENUM_CONVERSION = YES;
				CLANG_WARN_INFINITE_RECURSION = YES;
				CLANG_WARN_INT_CONVERSION = YES;
				CLANG_WARN_NON_LITERAL_NULL_CONVERSION = YES;
				CLANG_WARN_OBJC_IMPLICIT_RETAIN_SELF = YES;
				CLANG_WARN_OBJC_LITERAL_CONVERSION = YES;
				CLANG_WARN_OBJC_ROOT_CLASS = YES_ERROR;
				CLANG_WARN_QUOTED_INCLUDE_IN_FRAMEWORK_HEADER = YES;
				CLANG_WARN_RANGE_LOOP_ANALYSIS = YES;
				CLANG_WARN_STRICT_PROTOTYPES = YES;
				CLANG_WARN_SUSPICIOUS_MOVE = YES;
				CLANG_WARN_UNGUARDED_AVAILABILITY = YES_AGGRESSIVE;
				CLANG_WARN_UNREACHABLE_CODE = YES;
				CLANG_WARN__DUPLICATE_METHOD_MATCH = YES;
				COPY_PHASE_STRIP = NO;
				DEBUG_INFORMATION_FORMAT = "dwarf-with-dsym";
				ENABLE_NS_ASSERTIONS = NO;
				ENABLE_STRICT_OBJC_MSGSEND = YES;
				ENABLE_USER_SCRIPT_SANDBOXING = YES;
				GCC_C_LANGUAGE_STANDARD = gnu17;
				GCC_NO_COMMON_BLOCKS = YES;
				GCC_WARN_64_TO_32_BIT_CONVERSION = YES;
				GCC_WARN_ABOUT_RETURN_TYPE = YES_ERROR;
				GCC_WARN_UNDECLARED_SELECTOR = YES;
				GCC_WARN_UNINITIALIZED_AUTOS = YES_AGGRESSIVE;
				GCC_WARN_UNUSED_FUNCTION = YES;
				GCC_WARN_UNUSED_VARIABLE = YES;
				IPHONEOS_DEPLOYMENT_TARGET = 14.0;
				LOCALIZATION_PREFERS_STRING_CATALOGS = YES;
				MTL_ENABLE_DEBUG_INFO = NO;
				MTL_FAST_MATH = YES;
				SDKROOT = iphoneos;
				SWIFT_COMPILATION_MODE = wholemodule;
				VALIDATE_PRODUCT = YES;
			};
			name = Release;
		};
		8314E3E52B4E964C00489687 /* Debug */ = {
			isa = XCBuildConfiguration;
			buildSettings = {
				ASSETCATALOG_COMPILER_APPICON_NAME = AppIcon;
				ASSETCATALOG_COMPILER_GLOBAL_ACCENT_COLOR_NAME = AccentColor;
				CODE_SIGN_STYLE = Automatic;
				CURRENT_PROJECT_VERSION = 1;
				DEVELOPMENT_TEAM = UF8VBT3FGJ;
				GENERATE_INFOPLIST_FILE = YES;
				INFOPLIST_FILE = LeBonCoinTest/Resources/Info.plist;
				INFOPLIST_KEY_UIApplicationSupportsIndirectInputEvents = YES;
				INFOPLIST_KEY_UILaunchStoryboardName = LaunchScreen;
				INFOPLIST_KEY_UISupportedInterfaceOrientations_iPad = "UIInterfaceOrientationPortrait UIInterfaceOrientationPortraitUpsideDown UIInterfaceOrientationLandscapeLeft UIInterfaceOrientationLandscapeRight";
				INFOPLIST_KEY_UISupportedInterfaceOrientations_iPhone = "UIInterfaceOrientationPortrait UIInterfaceOrientationLandscapeLeft UIInterfaceOrientationLandscapeRight";
				IPHONEOS_DEPLOYMENT_TARGET = 14.0;
				LD_RUNPATH_SEARCH_PATHS = (
					"$(inherited)",
					"@executable_path/Frameworks",
				);
				MARKETING_VERSION = 1.0;
				PRODUCT_BUNDLE_IDENTIFIER = com.mickaelhorn.LeBonCoinTest;
				PRODUCT_NAME = "$(TARGET_NAME)";
				SWIFT_EMIT_LOC_STRINGS = YES;
				SWIFT_VERSION = 5.0;
				TARGETED_DEVICE_FAMILY = "1,2";
			};
			name = Debug;
		};
		8314E3E62B4E964C00489687 /* Release */ = {
			isa = XCBuildConfiguration;
			buildSettings = {
				ASSETCATALOG_COMPILER_APPICON_NAME = AppIcon;
				ASSETCATALOG_COMPILER_GLOBAL_ACCENT_COLOR_NAME = AccentColor;
				CODE_SIGN_STYLE = Automatic;
				CURRENT_PROJECT_VERSION = 1;
				DEVELOPMENT_TEAM = UF8VBT3FGJ;
				GENERATE_INFOPLIST_FILE = YES;
				INFOPLIST_FILE = LeBonCoinTest/Resources/Info.plist;
				INFOPLIST_KEY_UIApplicationSupportsIndirectInputEvents = YES;
				INFOPLIST_KEY_UILaunchStoryboardName = LaunchScreen;
				INFOPLIST_KEY_UISupportedInterfaceOrientations_iPad = "UIInterfaceOrientationPortrait UIInterfaceOrientationPortraitUpsideDown UIInterfaceOrientationLandscapeLeft UIInterfaceOrientationLandscapeRight";
				INFOPLIST_KEY_UISupportedInterfaceOrientations_iPhone = "UIInterfaceOrientationPortrait UIInterfaceOrientationLandscapeLeft UIInterfaceOrientationLandscapeRight";
				IPHONEOS_DEPLOYMENT_TARGET = 14.0;
				LD_RUNPATH_SEARCH_PATHS = (
					"$(inherited)",
					"@executable_path/Frameworks",
				);
				MARKETING_VERSION = 1.0;
				PRODUCT_BUNDLE_IDENTIFIER = com.mickaelhorn.LeBonCoinTest;
				PRODUCT_NAME = "$(TARGET_NAME)";
				SWIFT_EMIT_LOC_STRINGS = YES;
				SWIFT_VERSION = 5.0;
				TARGETED_DEVICE_FAMILY = "1,2";
			};
			name = Release;
		};
		8314E41B2B50974A00489687 /* Debug */ = {
			isa = XCBuildConfiguration;
			buildSettings = {
				BUNDLE_LOADER = "$(TEST_HOST)";
				CODE_SIGN_STYLE = Automatic;
				CURRENT_PROJECT_VERSION = 1;
				DEVELOPMENT_TEAM = UF8VBT3FGJ;
				GENERATE_INFOPLIST_FILE = YES;
				IPHONEOS_DEPLOYMENT_TARGET = 17.0;
				MARKETING_VERSION = 1.0;
				PRODUCT_BUNDLE_IDENTIFIER = com.mickaelhorn.LeBonCoinTestTests;
				PRODUCT_NAME = "$(TARGET_NAME)";
				SWIFT_EMIT_LOC_STRINGS = NO;
				SWIFT_VERSION = 5.0;
				TARGETED_DEVICE_FAMILY = "1,2";
				TEST_HOST = "$(BUILT_PRODUCTS_DIR)/LeBonCoinTest.app/$(BUNDLE_EXECUTABLE_FOLDER_PATH)/LeBonCoinTest";
			};
			name = Debug;
		};
		8314E41C2B50974A00489687 /* Release */ = {
			isa = XCBuildConfiguration;
			buildSettings = {
				BUNDLE_LOADER = "$(TEST_HOST)";
				CODE_SIGN_STYLE = Automatic;
				CURRENT_PROJECT_VERSION = 1;
				DEVELOPMENT_TEAM = UF8VBT3FGJ;
				GENERATE_INFOPLIST_FILE = YES;
				IPHONEOS_DEPLOYMENT_TARGET = 17.0;
				MARKETING_VERSION = 1.0;
				PRODUCT_BUNDLE_IDENTIFIER = com.mickaelhorn.LeBonCoinTestTests;
				PRODUCT_NAME = "$(TARGET_NAME)";
				SWIFT_EMIT_LOC_STRINGS = NO;
				SWIFT_VERSION = 5.0;
				TARGETED_DEVICE_FAMILY = "1,2";
				TEST_HOST = "$(BUILT_PRODUCTS_DIR)/LeBonCoinTest.app/$(BUNDLE_EXECUTABLE_FOLDER_PATH)/LeBonCoinTest";
			};
			name = Release;
		};
/* End XCBuildConfiguration section */

/* Begin XCConfigurationList section */
		8314E3CB2B4E964B00489687 /* Build configuration list for PBXProject "LeBonCoinTest" */ = {
			isa = XCConfigurationList;
			buildConfigurations = (
				8314E3E22B4E964C00489687 /* Debug */,
				8314E3E32B4E964C00489687 /* Release */,
			);
			defaultConfigurationIsVisible = 0;
			defaultConfigurationName = Release;
		};
		8314E3E42B4E964C00489687 /* Build configuration list for PBXNativeTarget "LeBonCoinTest" */ = {
			isa = XCConfigurationList;
			buildConfigurations = (
				8314E3E52B4E964C00489687 /* Debug */,
				8314E3E62B4E964C00489687 /* Release */,
			);
			defaultConfigurationIsVisible = 0;
			defaultConfigurationName = Release;
		};
		8314E41A2B50974A00489687 /* Build configuration list for PBXNativeTarget "LeBonCoinTestTests" */ = {
			isa = XCConfigurationList;
			buildConfigurations = (
				8314E41B2B50974A00489687 /* Debug */,
				8314E41C2B50974A00489687 /* Release */,
			);
			defaultConfigurationIsVisible = 0;
			defaultConfigurationName = Release;
		};
/* End XCConfigurationList section */
	};
	rootObject = 8314E3C82B4E964B00489687 /* Project object */;
}
